// !$*UTF8*$!
{
	archiveVersion = 1;
	classes = {
	};
	objectVersion = 46;
	objects = {

/* Begin PBXBuildFile section */
		B10324A31B0ED71E00E2559C /* BLCMediaTableViewCell.m in Sources */ = {isa = PBXBuildFile; fileRef = B10324A21B0ED71E00E2559C /* BLCMediaTableViewCell.m */; };
		B14926681B17955C002B7B3F /* BLCMediaFullScreenViewController.m in Sources */ = {isa = PBXBuildFile; fileRef = B14926671B17955C002B7B3F /* BLCMediaFullScreenViewController.m */; };
		B149266B1B17BD49002B7B3F /* BLCMediaFullScreenAnimator.m in Sources */ = {isa = PBXBuildFile; fileRef = B149266A1B17BD49002B7B3F /* BLCMediaFullScreenAnimator.m */; };
		B180DB7A1B0E965C0078BBA6 /* BLCComment.m in Sources */ = {isa = PBXBuildFile; fileRef = B180DB791B0E965C0078BBA6 /* BLCComment.m */; };
		B180DB7D1B0E97740078BBA6 /* BLCDatasource.m in Sources */ = {isa = PBXBuildFile; fileRef = B180DB7C1B0E97740078BBA6 /* BLCDatasource.m */; };
		B1905E7C1B0E4D3700B33C86 /* main.m in Sources */ = {isa = PBXBuildFile; fileRef = B1905E7B1B0E4D3700B33C86 /* main.m */; };
		B1905E7F1B0E4D3700B33C86 /* AppDelegate.m in Sources */ = {isa = PBXBuildFile; fileRef = B1905E7E1B0E4D3700B33C86 /* AppDelegate.m */; };
		B1905E871B0E4D3700B33C86 /* Images.xcassets in Resources */ = {isa = PBXBuildFile; fileRef = B1905E861B0E4D3700B33C86 /* Images.xcassets */; };
		B1905E8A1B0E4D3700B33C86 /* LaunchScreen.xib in Resources */ = {isa = PBXBuildFile; fileRef = B1905E881B0E4D3700B33C86 /* LaunchScreen.xib */; };
		B1905E961B0E4D3800B33C86 /* BlocstagramTests.m in Sources */ = {isa = PBXBuildFile; fileRef = B1905E951B0E4D3800B33C86 /* BlocstagramTests.m */; };
		B1905EAA1B0E654B00B33C86 /* 1.jpg in Resources */ = {isa = PBXBuildFile; fileRef = B1905EA01B0E654B00B33C86 /* 1.jpg */; };
		B1905EAB1B0E654B00B33C86 /* 2.jpg in Resources */ = {isa = PBXBuildFile; fileRef = B1905EA11B0E654B00B33C86 /* 2.jpg */; };
		B1905EAC1B0E654B00B33C86 /* 3.jpg in Resources */ = {isa = PBXBuildFile; fileRef = B1905EA21B0E654B00B33C86 /* 3.jpg */; };
		B1905EAD1B0E654B00B33C86 /* 4.jpg in Resources */ = {isa = PBXBuildFile; fileRef = B1905EA31B0E654B00B33C86 /* 4.jpg */; };
		B1905EAE1B0E654B00B33C86 /* 5.jpg in Resources */ = {isa = PBXBuildFile; fileRef = B1905EA41B0E654B00B33C86 /* 5.jpg */; };
		B1905EAF1B0E654B00B33C86 /* 6.jpg in Resources */ = {isa = PBXBuildFile; fileRef = B1905EA51B0E654B00B33C86 /* 6.jpg */; };
		B1905EB01B0E654B00B33C86 /* 7.jpg in Resources */ = {isa = PBXBuildFile; fileRef = B1905EA61B0E654B00B33C86 /* 7.jpg */; };
		B1905EB11B0E654B00B33C86 /* 8.jpg in Resources */ = {isa = PBXBuildFile; fileRef = B1905EA71B0E654B00B33C86 /* 8.jpg */; };
		B1905EB21B0E654B00B33C86 /* 9.jpg in Resources */ = {isa = PBXBuildFile; fileRef = B1905EA81B0E654B00B33C86 /* 9.jpg */; };
		B1905EB31B0E654B00B33C86 /* 10.jpg in Resources */ = {isa = PBXBuildFile; fileRef = B1905EA91B0E654B00B33C86 /* 10.jpg */; };
		B1905EB61B0E698100B33C86 /* BLCImagesTableViewController.m in Sources */ = {isa = PBXBuildFile; fileRef = B1905EB51B0E698100B33C86 /* BLCImagesTableViewController.m */; };
		B1905EB91B0E85FA00B33C86 /* BLCUser.m in Sources */ = {isa = PBXBuildFile; fileRef = B1905EB81B0E85FA00B33C86 /* BLCUser.m */; };
		B1905EBC1B0E879300B33C86 /* BLCMedia.m in Sources */ = {isa = PBXBuildFile; fileRef = B1905EBB1B0E879300B33C86 /* BLCMedia.m */; };
		B1F74B151B14F07C00322F18 /* BLCLoginViewController.m in Sources */ = {isa = PBXBuildFile; fileRef = B1F74B141B14F07C00322F18 /* BLCLoginViewController.m */; };
		D8CEEAC1480224960AEFC079 /* libPods.a in Frameworks */ = {isa = PBXBuildFile; fileRef = 4AED28D3AF5DB4026F44BE68 /* libPods.a */; };
/* End PBXBuildFile section */

/* Begin PBXContainerItemProxy section */
		B1905E901B0E4D3800B33C86 /* PBXContainerItemProxy */ = {
			isa = PBXContainerItemProxy;
			containerPortal = B1905E6E1B0E4D3700B33C86 /* Project object */;
			proxyType = 1;
			remoteGlobalIDString = B1905E751B0E4D3700B33C86;
			remoteInfo = Blocstagram;
		};
/* End PBXContainerItemProxy section */

/* Begin PBXFileReference section */
		0C5D231726682714ED818ABE /* Pods.debug.xcconfig */ = {isa = PBXFileReference; includeInIndex = 1; lastKnownFileType = text.xcconfig; name = Pods.debug.xcconfig; path = "Pods/Target Support Files/Pods/Pods.debug.xcconfig"; sourceTree = "<group>"; };
		4AED28D3AF5DB4026F44BE68 /* libPods.a */ = {isa = PBXFileReference; explicitFileType = archive.ar; includeInIndex = 0; path = libPods.a; sourceTree = BUILT_PRODUCTS_DIR; };
		B10324A11B0ED71E00E2559C /* BLCMediaTableViewCell.h */ = {isa = PBXFileReference; fileEncoding = 4; lastKnownFileType = sourcecode.c.h; path = BLCMediaTableViewCell.h; sourceTree = "<group>"; };
		B10324A21B0ED71E00E2559C /* BLCMediaTableViewCell.m */ = {isa = PBXFileReference; fileEncoding = 4; lastKnownFileType = sourcecode.c.objc; path = BLCMediaTableViewCell.m; sourceTree = "<group>"; };
		B14926661B17955C002B7B3F /* BLCMediaFullScreenViewController.h */ = {isa = PBXFileReference; fileEncoding = 4; lastKnownFileType = sourcecode.c.h; path = BLCMediaFullScreenViewController.h; sourceTree = "<group>"; };
		B14926671B17955C002B7B3F /* BLCMediaFullScreenViewController.m */ = {isa = PBXFileReference; fileEncoding = 4; lastKnownFileType = sourcecode.c.objc; path = BLCMediaFullScreenViewController.m; sourceTree = "<group>"; };
		B14926691B17BD49002B7B3F /* BLCMediaFullScreenAnimator.h */ = {isa = PBXFileReference; fileEncoding = 4; lastKnownFileType = sourcecode.c.h; path = BLCMediaFullScreenAnimator.h; sourceTree = "<group>"; };
		B149266A1B17BD49002B7B3F /* BLCMediaFullScreenAnimator.m */ = {isa = PBXFileReference; fileEncoding = 4; lastKnownFileType = sourcecode.c.objc; path = BLCMediaFullScreenAnimator.m; sourceTree = "<group>"; };
		B180DB781B0E965C0078BBA6 /* BLCComment.h */ = {isa = PBXFileReference; fileEncoding = 4; lastKnownFileType = sourcecode.c.h; path = BLCComment.h; sourceTree = "<group>"; };
		B180DB791B0E965C0078BBA6 /* BLCComment.m */ = {isa = PBXFileReference; fileEncoding = 4; lastKnownFileType = sourcecode.c.objc; path = BLCComment.m; sourceTree = "<group>"; };
		B180DB7B1B0E97740078BBA6 /* BLCDatasource.h */ = {isa = PBXFileReference; fileEncoding = 4; lastKnownFileType = sourcecode.c.h; path = BLCDatasource.h; sourceTree = "<group>"; };
		B180DB7C1B0E97740078BBA6 /* BLCDatasource.m */ = {isa = PBXFileReference; fileEncoding = 4; lastKnownFileType = sourcecode.c.objc; path = BLCDatasource.m; sourceTree = "<group>"; };
		B1905E761B0E4D3700B33C86 /* Blocstagram.app */ = {isa = PBXFileReference; explicitFileType = wrapper.application; includeInIndex = 0; path = Blocstagram.app; sourceTree = BUILT_PRODUCTS_DIR; };
		B1905E7A1B0E4D3700B33C86 /* Info.plist */ = {isa = PBXFileReference; lastKnownFileType = text.plist.xml; path = Info.plist; sourceTree = "<group>"; };
		B1905E7B1B0E4D3700B33C86 /* main.m */ = {isa = PBXFileReference; lastKnownFileType = sourcecode.c.objc; path = main.m; sourceTree = "<group>"; };
		B1905E7D1B0E4D3700B33C86 /* AppDelegate.h */ = {isa = PBXFileReference; lastKnownFileType = sourcecode.c.h; path = AppDelegate.h; sourceTree = "<group>"; };
		B1905E7E1B0E4D3700B33C86 /* AppDelegate.m */ = {isa = PBXFileReference; lastKnownFileType = sourcecode.c.objc; path = AppDelegate.m; sourceTree = "<group>"; };
		B1905E861B0E4D3700B33C86 /* Images.xcassets */ = {isa = PBXFileReference; lastKnownFileType = folder.assetcatalog; path = Images.xcassets; sourceTree = "<group>"; };
		B1905E891B0E4D3700B33C86 /* Base */ = {isa = PBXFileReference; lastKnownFileType = file.xib; name = Base; path = Base.lproj/LaunchScreen.xib; sourceTree = "<group>"; };
		B1905E8F1B0E4D3800B33C86 /* BlocstagramTests.xctest */ = {isa = PBXFileReference; explicitFileType = wrapper.cfbundle; includeInIndex = 0; path = BlocstagramTests.xctest; sourceTree = BUILT_PRODUCTS_DIR; };
		B1905E941B0E4D3800B33C86 /* Info.plist */ = {isa = PBXFileReference; lastKnownFileType = text.plist.xml; path = Info.plist; sourceTree = "<group>"; };
		B1905E951B0E4D3800B33C86 /* BlocstagramTests.m */ = {isa = PBXFileReference; lastKnownFileType = sourcecode.c.objc; path = BlocstagramTests.m; sourceTree = "<group>"; };
		B1905EA01B0E654B00B33C86 /* 1.jpg */ = {isa = PBXFileReference; lastKnownFileType = image.jpeg; path = 1.jpg; sourceTree = "<group>"; };
		B1905EA11B0E654B00B33C86 /* 2.jpg */ = {isa = PBXFileReference; lastKnownFileType = image.jpeg; path = 2.jpg; sourceTree = "<group>"; };
		B1905EA21B0E654B00B33C86 /* 3.jpg */ = {isa = PBXFileReference; lastKnownFileType = image.jpeg; path = 3.jpg; sourceTree = "<group>"; };
		B1905EA31B0E654B00B33C86 /* 4.jpg */ = {isa = PBXFileReference; lastKnownFileType = image.jpeg; path = 4.jpg; sourceTree = "<group>"; };
		B1905EA41B0E654B00B33C86 /* 5.jpg */ = {isa = PBXFileReference; lastKnownFileType = image.jpeg; path = 5.jpg; sourceTree = "<group>"; };
		B1905EA51B0E654B00B33C86 /* 6.jpg */ = {isa = PBXFileReference; lastKnownFileType = image.jpeg; path = 6.jpg; sourceTree = "<group>"; };
		B1905EA61B0E654B00B33C86 /* 7.jpg */ = {isa = PBXFileReference; lastKnownFileType = image.jpeg; path = 7.jpg; sourceTree = "<group>"; };
		B1905EA71B0E654B00B33C86 /* 8.jpg */ = {isa = PBXFileReference; lastKnownFileType = image.jpeg; path = 8.jpg; sourceTree = "<group>"; };
		B1905EA81B0E654B00B33C86 /* 9.jpg */ = {isa = PBXFileReference; lastKnownFileType = image.jpeg; path = 9.jpg; sourceTree = "<group>"; };
		B1905EA91B0E654B00B33C86 /* 10.jpg */ = {isa = PBXFileReference; lastKnownFileType = image.jpeg; path = 10.jpg; sourceTree = "<group>"; };
		B1905EB41B0E698100B33C86 /* BLCImagesTableViewController.h */ = {isa = PBXFileReference; fileEncoding = 4; lastKnownFileType = sourcecode.c.h; path = BLCImagesTableViewController.h; sourceTree = "<group>"; };
		B1905EB51B0E698100B33C86 /* BLCImagesTableViewController.m */ = {isa = PBXFileReference; fileEncoding = 4; lastKnownFileType = sourcecode.c.objc; path = BLCImagesTableViewController.m; sourceTree = "<group>"; };
		B1905EB71B0E85FA00B33C86 /* BLCUser.h */ = {isa = PBXFileReference; fileEncoding = 4; lastKnownFileType = sourcecode.c.h; path = BLCUser.h; sourceTree = "<group>"; };
		B1905EB81B0E85FA00B33C86 /* BLCUser.m */ = {isa = PBXFileReference; fileEncoding = 4; lastKnownFileType = sourcecode.c.objc; path = BLCUser.m; sourceTree = "<group>"; };
		B1905EBA1B0E879300B33C86 /* BLCMedia.h */ = {isa = PBXFileReference; fileEncoding = 4; lastKnownFileType = sourcecode.c.h; path = BLCMedia.h; sourceTree = "<group>"; };
		B1905EBB1B0E879300B33C86 /* BLCMedia.m */ = {isa = PBXFileReference; fileEncoding = 4; lastKnownFileType = sourcecode.c.objc; path = BLCMedia.m; sourceTree = "<group>"; };
		B1F74B131B14F07C00322F18 /* BLCLoginViewController.h */ = {isa = PBXFileReference; fileEncoding = 4; lastKnownFileType = sourcecode.c.h; path = BLCLoginViewController.h; sourceTree = "<group>"; };
		B1F74B141B14F07C00322F18 /* BLCLoginViewController.m */ = {isa = PBXFileReference; fileEncoding = 4; lastKnownFileType = sourcecode.c.objc; path = BLCLoginViewController.m; sourceTree = "<group>"; };
		D3724965EC7A0E450A25BB43 /* Pods.release.xcconfig */ = {isa = PBXFileReference; includeInIndex = 1; lastKnownFileType = text.xcconfig; name = Pods.release.xcconfig; path = "Pods/Target Support Files/Pods/Pods.release.xcconfig"; sourceTree = "<group>"; };
/* End PBXFileReference section */

/* Begin PBXFrameworksBuildPhase section */
		B1905E731B0E4D3700B33C86 /* Frameworks */ = {
			isa = PBXFrameworksBuildPhase;
			buildActionMask = 2147483647;
			files = (
				D8CEEAC1480224960AEFC079 /* libPods.a in Frameworks */,
			);
			runOnlyForDeploymentPostprocessing = 0;
		};
		B1905E8C1B0E4D3800B33C86 /* Frameworks */ = {
			isa = PBXFrameworksBuildPhase;
			buildActionMask = 2147483647;
			files = (
			);
			runOnlyForDeploymentPostprocessing = 0;
		};
/* End PBXFrameworksBuildPhase section */

/* Begin PBXGroup section */
		A5B080C1E39BF1382F577EBA /* Pods */ = {
			isa = PBXGroup;
			children = (
				0C5D231726682714ED818ABE /* Pods.debug.xcconfig */,
				D3724965EC7A0E450A25BB43 /* Pods.release.xcconfig */,
			);
			name = Pods;
			sourceTree = "<group>";
		};
		B1905E6D1B0E4D3700B33C86 = {
			isa = PBXGroup;
			children = (
				B1905E781B0E4D3700B33C86 /* Blocstagram */,
				B1905E921B0E4D3800B33C86 /* BlocstagramTests */,
				B1905E771B0E4D3700B33C86 /* Products */,
				A5B080C1E39BF1382F577EBA /* Pods */,
				F76F260663129D02B3BA5CB5 /* Frameworks */,
			);
			sourceTree = "<group>";
		};
		B1905E771B0E4D3700B33C86 /* Products */ = {
			isa = PBXGroup;
			children = (
				B1905E761B0E4D3700B33C86 /* Blocstagram.app */,
				B1905E8F1B0E4D3800B33C86 /* BlocstagramTests.xctest */,
			);
			name = Products;
			sourceTree = "<group>";
		};
		B1905E781B0E4D3700B33C86 /* Blocstagram */ = {
			isa = PBXGroup;
			children = (
				B1905EB71B0E85FA00B33C86 /* BLCUser.h */,
				B1905EB81B0E85FA00B33C86 /* BLCUser.m */,
				B1905EBA1B0E879300B33C86 /* BLCMedia.h */,
				B1905EBB1B0E879300B33C86 /* BLCMedia.m */,
				B180DB781B0E965C0078BBA6 /* BLCComment.h */,
				B180DB791B0E965C0078BBA6 /* BLCComment.m */,
				B180DB7B1B0E97740078BBA6 /* BLCDatasource.h */,
				B180DB7C1B0E97740078BBA6 /* BLCDatasource.m */,
				B1F74B131B14F07C00322F18 /* BLCLoginViewController.h */,
				B1F74B141B14F07C00322F18 /* BLCLoginViewController.m */,
				B1905E7D1B0E4D3700B33C86 /* AppDelegate.h */,
				B1905E7E1B0E4D3700B33C86 /* AppDelegate.m */,
				B1905EB41B0E698100B33C86 /* BLCImagesTableViewController.h */,
				B1905EB51B0E698100B33C86 /* BLCImagesTableViewController.m */,
				B10324A11B0ED71E00E2559C /* BLCMediaTableViewCell.h */,
				B10324A21B0ED71E00E2559C /* BLCMediaTableViewCell.m */,
				B14926661B17955C002B7B3F /* BLCMediaFullScreenViewController.h */,
				B14926671B17955C002B7B3F /* BLCMediaFullScreenViewController.m */,
				B14926691B17BD49002B7B3F /* BLCMediaFullScreenAnimator.h */,
				B149266A1B17BD49002B7B3F /* BLCMediaFullScreenAnimator.m */,
				B1905E9F1B0E652900B33C86 /* Images */,
				B1905E861B0E4D3700B33C86 /* Images.xcassets */,
				B1905E881B0E4D3700B33C86 /* LaunchScreen.xib */,
				B1905E791B0E4D3700B33C86 /* Supporting Files */,
			);
			path = Blocstagram;
			sourceTree = "<group>";
		};
		B1905E791B0E4D3700B33C86 /* Supporting Files */ = {
			isa = PBXGroup;
			children = (
				B1905E7A1B0E4D3700B33C86 /* Info.plist */,
				B1905E7B1B0E4D3700B33C86 /* main.m */,
			);
			name = "Supporting Files";
			sourceTree = "<group>";
		};
		B1905E921B0E4D3800B33C86 /* BlocstagramTests */ = {
			isa = PBXGroup;
			children = (
				B1905E951B0E4D3800B33C86 /* BlocstagramTests.m */,
				B1905E931B0E4D3800B33C86 /* Supporting Files */,
			);
			path = BlocstagramTests;
			sourceTree = "<group>";
		};
		B1905E931B0E4D3800B33C86 /* Supporting Files */ = {
			isa = PBXGroup;
			children = (
				B1905E941B0E4D3800B33C86 /* Info.plist */,
			);
			name = "Supporting Files";
			sourceTree = "<group>";
		};
		B1905E9F1B0E652900B33C86 /* Images */ = {
			isa = PBXGroup;
			children = (
				B1905EA01B0E654B00B33C86 /* 1.jpg */,
				B1905EA11B0E654B00B33C86 /* 2.jpg */,
				B1905EA21B0E654B00B33C86 /* 3.jpg */,
				B1905EA31B0E654B00B33C86 /* 4.jpg */,
				B1905EA41B0E654B00B33C86 /* 5.jpg */,
				B1905EA51B0E654B00B33C86 /* 6.jpg */,
				B1905EA61B0E654B00B33C86 /* 7.jpg */,
				B1905EA71B0E654B00B33C86 /* 8.jpg */,
				B1905EA81B0E654B00B33C86 /* 9.jpg */,
				B1905EA91B0E654B00B33C86 /* 10.jpg */,
			);
			name = Images;
			sourceTree = "<group>";
		};
		F76F260663129D02B3BA5CB5 /* Frameworks */ = {
			isa = PBXGroup;
			children = (
				4AED28D3AF5DB4026F44BE68 /* libPods.a */,
			);
			name = Frameworks;
			sourceTree = "<group>";
		};
/* End PBXGroup section */

/* Begin PBXNativeTarget section */
		B1905E751B0E4D3700B33C86 /* Blocstagram */ = {
			isa = PBXNativeTarget;
			buildConfigurationList = B1905E991B0E4D3800B33C86 /* Build configuration list for PBXNativeTarget "Blocstagram" */;
			buildPhases = (
				B17114201D6C26EAB93802F8 /* Check Pods Manifest.lock */,
				B1905E721B0E4D3700B33C86 /* Sources */,
				B1905E731B0E4D3700B33C86 /* Frameworks */,
				B1905E741B0E4D3700B33C86 /* Resources */,
				7685AD14979FF62558C0530A /* Copy Pods Resources */,
			);
			buildRules = (
			);
			dependencies = (
			);
			name = Blocstagram;
			productName = Blocstagram;
			productReference = B1905E761B0E4D3700B33C86 /* Blocstagram.app */;
			productType = "com.apple.product-type.application";
		};
		B1905E8E1B0E4D3800B33C86 /* BlocstagramTests */ = {
			isa = PBXNativeTarget;
			buildConfigurationList = B1905E9C1B0E4D3800B33C86 /* Build configuration list for PBXNativeTarget "BlocstagramTests" */;
			buildPhases = (
				B1905E8B1B0E4D3800B33C86 /* Sources */,
				B1905E8C1B0E4D3800B33C86 /* Frameworks */,
				B1905E8D1B0E4D3800B33C86 /* Resources */,
			);
			buildRules = (
			);
			dependencies = (
				B1905E911B0E4D3800B33C86 /* PBXTargetDependency */,
			);
			name = BlocstagramTests;
			productName = BlocstagramTests;
			productReference = B1905E8F1B0E4D3800B33C86 /* BlocstagramTests.xctest */;
			productType = "com.apple.product-type.bundle.unit-test";
		};
/* End PBXNativeTarget section */

/* Begin PBXProject section */
		B1905E6E1B0E4D3700B33C86 /* Project object */ = {
			isa = PBXProject;
			attributes = {
				LastUpgradeCheck = 0630;
				ORGANIZATIONNAME = "Trevor Vieweg";
				TargetAttributes = {
					B1905E751B0E4D3700B33C86 = {
						CreatedOnToolsVersion = 6.3.1;
					};
					B1905E8E1B0E4D3800B33C86 = {
						CreatedOnToolsVersion = 6.3.1;
						TestTargetID = B1905E751B0E4D3700B33C86;
					};
				};
			};
			buildConfigurationList = B1905E711B0E4D3700B33C86 /* Build configuration list for PBXProject "Blocstagram" */;
			compatibilityVersion = "Xcode 3.2";
			developmentRegion = English;
			hasScannedForEncodings = 0;
			knownRegions = (
				en,
				Base,
			);
			mainGroup = B1905E6D1B0E4D3700B33C86;
			productRefGroup = B1905E771B0E4D3700B33C86 /* Products */;
			projectDirPath = "";
			projectRoot = "";
			targets = (
				B1905E751B0E4D3700B33C86 /* Blocstagram */,
				B1905E8E1B0E4D3800B33C86 /* BlocstagramTests */,
			);
		};
/* End PBXProject section */

/* Begin PBXResourcesBuildPhase section */
		B1905E741B0E4D3700B33C86 /* Resources */ = {
			isa = PBXResourcesBuildPhase;
			buildActionMask = 2147483647;
			files = (
				B1905EB21B0E654B00B33C86 /* 9.jpg in Resources */,
				B1905EB11B0E654B00B33C86 /* 8.jpg in Resources */,
				B1905EAD1B0E654B00B33C86 /* 4.jpg in Resources */,
				B1905EAC1B0E654B00B33C86 /* 3.jpg in Resources */,
				B1905EAF1B0E654B00B33C86 /* 6.jpg in Resources */,
				B1905EAA1B0E654B00B33C86 /* 1.jpg in Resources */,
				B1905E8A1B0E4D3700B33C86 /* LaunchScreen.xib in Resources */,
				B1905EAE1B0E654B00B33C86 /* 5.jpg in Resources */,
				B1905EB01B0E654B00B33C86 /* 7.jpg in Resources */,
				B1905EAB1B0E654B00B33C86 /* 2.jpg in Resources */,
				B1905EB31B0E654B00B33C86 /* 10.jpg in Resources */,
				B1905E871B0E4D3700B33C86 /* Images.xcassets in Resources */,
			);
			runOnlyForDeploymentPostprocessing = 0;
		};
		B1905E8D1B0E4D3800B33C86 /* Resources */ = {
			isa = PBXResourcesBuildPhase;
			buildActionMask = 2147483647;
			files = (
			);
			runOnlyForDeploymentPostprocessing = 0;
		};
/* End PBXResourcesBuildPhase section */

/* Begin PBXShellScriptBuildPhase section */
		7685AD14979FF62558C0530A /* Copy Pods Resources */ = {
			isa = PBXShellScriptBuildPhase;
			buildActionMask = 2147483647;
			files = (
			);
			inputPaths = (
			);
			name = "Copy Pods Resources";
			outputPaths = (
			);
			runOnlyForDeploymentPostprocessing = 0;
			shellPath = /bin/sh;
			shellScript = "\"${SRCROOT}/Pods/Target Support Files/Pods/Pods-resources.sh\"\n";
			showEnvVarsInLog = 0;
		};
		B17114201D6C26EAB93802F8 /* Check Pods Manifest.lock */ = {
			isa = PBXShellScriptBuildPhase;
			buildActionMask = 2147483647;
			files = (
			);
			inputPaths = (
			);
			name = "Check Pods Manifest.lock";
			outputPaths = (
			);
			runOnlyForDeploymentPostprocessing = 0;
			shellPath = /bin/sh;
			shellScript = "diff \"${PODS_ROOT}/../Podfile.lock\" \"${PODS_ROOT}/Manifest.lock\" > /dev/null\nif [[ $? != 0 ]] ; then\n    cat << EOM\nerror: The sandbox is not in sync with the Podfile.lock. Run 'pod install' or update your CocoaPods installation.\nEOM\n    exit 1\nfi\n";
			showEnvVarsInLog = 0;
		};
/* End PBXShellScriptBuildPhase section */

/* Begin PBXSourcesBuildPhase section */
		B1905E721B0E4D3700B33C86 /* Sources */ = {
			isa = PBXSourcesBuildPhase;
			buildActionMask = 2147483647;
			files = (
				B1905EB91B0E85FA00B33C86 /* BLCUser.m in Sources */,
				B149266B1B17BD49002B7B3F /* BLCMediaFullScreenAnimator.m in Sources */,
				B1905E7F1B0E4D3700B33C86 /* AppDelegate.m in Sources */,
				B1905E7C1B0E4D3700B33C86 /* main.m in Sources */,
				B1905EB61B0E698100B33C86 /* BLCImagesTableViewController.m in Sources */,
				B180DB7D1B0E97740078BBA6 /* BLCDatasource.m in Sources */,
				B1905EBC1B0E879300B33C86 /* BLCMedia.m in Sources */,
				B14926681B17955C002B7B3F /* BLCMediaFullScreenViewController.m in Sources */,
				B10324A31B0ED71E00E2559C /* BLCMediaTableViewCell.m in Sources */,
				B180DB7A1B0E965C0078BBA6 /* BLCComment.m in Sources */,
				B1F74B151B14F07C00322F18 /* BLCLoginViewController.m in Sources */,
			);
			runOnlyForDeploymentPostprocessing = 0;
		};
		B1905E8B1B0E4D3800B33C86 /* Sources */ = {
			isa = PBXSourcesBuildPhase;
			buildActionMask = 2147483647;
			files = (
				B1905E961B0E4D3800B33C86 /* BlocstagramTests.m in Sources */,
			);
			runOnlyForDeploymentPostprocessing = 0;
		};
/* End PBXSourcesBuildPhase section */

/* Begin PBXTargetDependency section */
		B1905E911B0E4D3800B33C86 /* PBXTargetDependency */ = {
			isa = PBXTargetDependency;
			target = B1905E751B0E4D3700B33C86 /* Blocstagram */;
			targetProxy = B1905E901B0E4D3800B33C86 /* PBXContainerItemProxy */;
		};
/* End PBXTargetDependency section */

/* Begin PBXVariantGroup section */
		B1905E881B0E4D3700B33C86 /* LaunchScreen.xib */ = {
			isa = PBXVariantGroup;
			children = (
				B1905E891B0E4D3700B33C86 /* Base */,
			);
			name = LaunchScreen.xib;
			sourceTree = "<group>";
		};
/* End PBXVariantGroup section */

/* Begin XCBuildConfiguration section */
		B1905E971B0E4D3800B33C86 /* Debug */ = {
			isa = XCBuildConfiguration;
			buildSettings = {
				ALWAYS_SEARCH_USER_PATHS = NO;
				CLANG_CXX_LANGUAGE_STANDARD = "gnu++0x";
				CLANG_CXX_LIBRARY = "libc++";
				CLANG_ENABLE_MODULES = YES;
				CLANG_ENABLE_OBJC_ARC = YES;
				CLANG_WARN_BOOL_CONVERSION = YES;
				CLANG_WARN_CONSTANT_CONVERSION = YES;
				CLANG_WARN_DIRECT_OBJC_ISA_USAGE = YES_ERROR;
				CLANG_WARN_EMPTY_BODY = YES;
				CLANG_WARN_ENUM_CONVERSION = YES;
				CLANG_WARN_INT_CONVERSION = YES;
				CLANG_WARN_OBJC_ROOT_CLASS = YES_ERROR;
				CLANG_WARN_UNREACHABLE_CODE = YES;
				CLANG_WARN__DUPLICATE_METHOD_MATCH = YES;
				"CODE_SIGN_IDENTITY[sdk=iphoneos*]" = "iPhone Developer";
				COPY_PHASE_STRIP = NO;
				DEBUG_INFORMATION_FORMAT = "dwarf-with-dsym";
				ENABLE_STRICT_OBJC_MSGSEND = YES;
				GCC_C_LANGUAGE_STANDARD = gnu99;
				GCC_DYNAMIC_NO_PIC = NO;
				GCC_NO_COMMON_BLOCKS = YES;
				GCC_OPTIMIZATION_LEVEL = 0;
				GCC_PREPROCESSOR_DEFINITIONS = (
					"DEBUG=1",
					"$(inherited)",
				);
				GCC_SYMBOLS_PRIVATE_EXTERN = NO;
				GCC_WARN_64_TO_32_BIT_CONVERSION = YES;
				GCC_WARN_ABOUT_RETURN_TYPE = YES_ERROR;
				GCC_WARN_UNDECLARED_SELECTOR = YES;
				GCC_WARN_UNINITIALIZED_AUTOS = YES_AGGRESSIVE;
				GCC_WARN_UNUSED_FUNCTION = YES;
				GCC_WARN_UNUSED_VARIABLE = YES;
				IPHONEOS_DEPLOYMENT_TARGET = 8.3;
				MTL_ENABLE_DEBUG_INFO = YES;
				ONLY_ACTIVE_ARCH = YES;
				SDKROOT = iphoneos;
				TARGETED_DEVICE_FAMILY = "1,2";
			};
			name = Debug;
		};
		B1905E981B0E4D3800B33C86 /* Release */ = {
			isa = XCBuildConfiguration;
			buildSettings = {
				ALWAYS_SEARCH_USER_PATHS = NO;
				CLANG_CXX_LANGUAGE_STANDARD = "gnu++0x";
				CLANG_CXX_LIBRARY = "libc++";
				CLANG_ENABLE_MODULES = YES;
				CLANG_ENABLE_OBJC_ARC = YES;
				CLANG_WARN_BOOL_CONVERSION = YES;
				CLANG_WARN_CONSTANT_CONVERSION = YES;
				CLANG_WARN_DIRECT_OBJC_ISA_USAGE = YES_ERROR;
				CLANG_WARN_EMPTY_BODY = YES;
				CLANG_WARN_ENUM_CONVERSION = YES;
				CLANG_WARN_INT_CONVERSION = YES;
				CLANG_WARN_OBJC_ROOT_CLASS = YES_ERROR;
				CLANG_WARN_UNREACHABLE_CODE = YES;
				CLANG_WARN__DUPLICATE_METHOD_MATCH = YES;
				"CODE_SIGN_IDENTITY[sdk=iphoneos*]" = "iPhone Developer";
				COPY_PHASE_STRIP = NO;
				DEBUG_INFORMATION_FORMAT = "dwarf-with-dsym";
				ENABLE_NS_ASSERTIONS = NO;
				ENABLE_STRICT_OBJC_MSGSEND = YES;
				GCC_C_LANGUAGE_STANDARD = gnu99;
				GCC_NO_COMMON_BLOCKS = YES;
				GCC_WARN_64_TO_32_BIT_CONVERSION = YES;
				GCC_WARN_ABOUT_RETURN_TYPE = YES_ERROR;
				GCC_WARN_UNDECLARED_SELECTOR = YES;
				GCC_WARN_UNINITIALIZED_AUTOS = YES_AGGRESSIVE;
				GCC_WARN_UNUSED_FUNCTION = YES;
				GCC_WARN_UNUSED_VARIABLE = YES;
				IPHONEOS_DEPLOYMENT_TARGET = 8.3;
				MTL_ENABLE_DEBUG_INFO = NO;
				SDKROOT = iphoneos;
				TARGETED_DEVICE_FAMILY = "1,2";
				VALIDATE_PRODUCT = YES;
			};
			name = Release;
		};
		B1905E9A1B0E4D3800B33C86 /* Debug */ = {
			isa = XCBuildConfiguration;
			baseConfigurationReference = 0C5D231726682714ED818ABE /* Pods.debug.xcconfig */;
			buildSettings = {
				ASSETCATALOG_COMPILER_APPICON_NAME = AppIcon;
				INFOPLIST_FILE = Blocstagram/Info.plist;
				LD_RUNPATH_SEARCH_PATHS = "$(inherited) @executable_path/Frameworks";
				PRODUCT_NAME = "$(TARGET_NAME)";
			};
			name = Debug;
		};
		B1905E9B1B0E4D3800B33C86 /* Release */ = {
			isa = XCBuildConfiguration;
			baseConfigurationReference = D3724965EC7A0E450A25BB43 /* Pods.release.xcconfig */;
			buildSettings = {
				ASSETCATALOG_COMPILER_APPICON_NAME = AppIcon;
				INFOPLIST_FILE = Blocstagram/Info.plist;
				LD_RUNPATH_SEARCH_PATHS = "$(inherited) @executable_path/Frameworks";
				PRODUCT_NAME = "$(TARGET_NAME)";
			};
			name = Release;
		};
		B1905E9D1B0E4D3800B33C86 /* Debug */ = {
			isa = XCBuildConfiguration;
			buildSettings = {
				BUNDLE_LOADER = "$(TEST_HOST)";
				FRAMEWORK_SEARCH_PATHS = (
					"$(SDKROOT)/Developer/Library/Frameworks",
					"$(inherited)",
				);
				GCC_PREPROCESSOR_DEFINITIONS = (
					"DEBUG=1",
					"$(inherited)",
				);
				INFOPLIST_FILE = BlocstagramTests/Info.plist;
				LD_RUNPATH_SEARCH_PATHS = "$(inherited) @executable_path/Frameworks @loader_path/Frameworks";
				PRODUCT_NAME = "$(TARGET_NAME)";
				TEST_HOST = "$(BUILT_PRODUCTS_DIR)/Blocstagram.app/Blocstagram";
			};
			name = Debug;
		};
		B1905E9E1B0E4D3800B33C86 /* Release */ = {
			isa = XCBuildConfiguration;
			buildSettings = {
				BUNDLE_LOADER = "$(TEST_HOST)";
				FRAMEWORK_SEARCH_PATHS = (
					"$(SDKROOT)/Developer/Library/Frameworks",
					"$(inherited)",
				);
				INFOPLIST_FILE = BlocstagramTests/Info.plist;
				LD_RUNPATH_SEARCH_PATHS = "$(inherited) @executable_path/Frameworks @loader_path/Frameworks";
				PRODUCT_NAME = "$(TARGET_NAME)";
				TEST_HOST = "$(BUILT_PRODUCTS_DIR)/Blocstagram.app/Blocstagram";
			};
			name = Release;
		};
/* End XCBuildConfiguration section */

/* Begin XCConfigurationList section */
		B1905E711B0E4D3700B33C86 /* Build configuration list for PBXProject "Blocstagram" */ = {
			isa = XCConfigurationList;
			buildConfigurations = (
				B1905E971B0E4D3800B33C86 /* Debug */,
				B1905E981B0E4D3800B33C86 /* Release */,
			);
			defaultConfigurationIsVisible = 0;
			defaultConfigurationName = Release;
		};
		B1905E991B0E4D3800B33C86 /* Build configuration list for PBXNativeTarget "Blocstagram" */ = {
			isa = XCConfigurationList;
			buildConfigurations = (
				B1905E9A1B0E4D3800B33C86 /* Debug */,
				B1905E9B1B0E4D3800B33C86 /* Release */,
			);
			defaultConfigurationIsVisible = 0;
			defaultConfigurationName = Release;
		};
		B1905E9C1B0E4D3800B33C86 /* Build configuration list for PBXNativeTarget "BlocstagramTests" */ = {
			isa = XCConfigurationList;
			buildConfigurations = (
				B1905E9D1B0E4D3800B33C86 /* Debug */,
				B1905E9E1B0E4D3800B33C86 /* Release */,
			);
			defaultConfigurationIsVisible = 0;
			defaultConfigurationName = Release;
		};
/* End XCConfigurationList section */
	};
	rootObject = B1905E6E1B0E4D3700B33C86 /* Project object */;
}
